PODS:
  - Alamofire (4.6.0)
  - Signaturit (1.1.0):
    - Alamofire (~> 4.5)
  - SwiftyJSON (4.0.0)

DEPENDENCIES:
  - Signaturit (from `../`)
  - SwiftyJSON (~> 4.0)

EXTERNAL SOURCES:
  Signaturit:
    :path: ../

SPEC CHECKSUMS:
  Alamofire: f41a599bd63041760b26d393ec1069d9d7b917f4
  Signaturit: cd5f30ad63777196a46feb31eb6823f119814d09
  SwiftyJSON: 070dabdcb1beb81b247c65ffa3a79dbbfb3b48aa

PODFILE CHECKSUM: 89c9ec1fd779a4df043940ed7555c7d91d19208c

COCOAPODS: 1.4.0
