PODS:
  - Alamofire (3.5.1)
  - Signaturit (1.0.0):
    - Alamofire (~> 3.5)
  - SwiftyJSON (2.4.0)

DEPENDENCIES:
  - Signaturit (from `../`)
  - SwiftyJSON (~> 2.4)

EXTERNAL SOURCES:
  Signaturit:
    :path: ../

SPEC CHECKSUMS:
  Alamofire: 0dfba1184a543e2aa160f4e39cac4e8aba48d223
  Signaturit: 3588b2496e068d238e8597d5cc9ed6c1781e9ae4
  SwiftyJSON: 96918c1bf505efa50c4f72957018dd3452090c9c

PODFILE CHECKSUM: fc879707ad17606e3def7c45d33cb03ffa71b24e

COCOAPODS: 1.1.1
